
Microsoft Visual Studio Solution File, Format Version 12.00
# Visual Studio Version 17
VisualStudioVersion = 17.9.34616.47
MinimumVisualStudioVersion = 10.0.40219.1
Project("{9A19103F-16F7-4668-BE54-9A1E7A4F7556}") = "HardwareStore.MVP.Views.UserIdentification.Authorization", "HardwareStore.MVP.Views.UserIdentification.Authorization\HardwareStore.MVP.Views.UserIdentification.Authorization.csproj", "{F05226EB-2A68-44F9-81F4-1F8165DD47DF}"
EndProject
Project("{2150E333-8FDC-42A3-9474-1A3956D46DE8}") = "MVP", "MVP", "{9E83666C-1243-4DBF-BF1C-C99603588D5A}"
EndProject
Project("{2150E333-8FDC-42A3-9474-1A3956D46DE8}") = "Presenters", "Presenters", "{74A1BAF3-8770-4374-8EEF-69F99C93E137}"
EndProject
Project("{2150E333-8FDC-42A3-9474-1A3956D46DE8}") = "ViewModels", "ViewModels", "{46DE02B9-6D34-49DC-A1A8-EB389F820A0C}"
EndProject
Project("{2150E333-8FDC-42A3-9474-1A3956D46DE8}") = "Views", "Views", "{36EAAEFB-69EF-4E1D-9DEE-6538928F03F8}"
EndProject
Project("{2150E333-8FDC-42A3-9474-1A3956D46DE8}") = "Abstractions", "Abstractions", "{4EAED54A-9B62-450D-83EF-E87091814E9F}"
EndProject
Project("{2150E333-8FDC-42A3-9474-1A3956D46DE8}") = "UserIdentification", "UserIdentification", "{D0B9D963-DE11-4CCB-BB1E-AA53C46388A3}"
EndProject
Project("{2150E333-8FDC-42A3-9474-1A3956D46DE8}") = "MainWindow", "MainWindow", "{8FC67E93-7CEA-4A87-A1DA-07546B99873B}"
EndProject
Project("{2150E333-8FDC-42A3-9474-1A3956D46DE8}") = "Abstractions", "Abstractions", "{EA1CF63A-2476-4A80-B2B8-339AB7758C08}"
EndProject
Project("{2150E333-8FDC-42A3-9474-1A3956D46DE8}") = "UserIdentification", "UserIdentification", "{053E2141-98A0-479B-80C6-72238A851C5D}"
EndProject
Project("{2150E333-8FDC-42A3-9474-1A3956D46DE8}") = "MainWindow", "MainWindow", "{AB34FE26-BE8D-4430-9F05-07355D454526}"
EndProject
Project("{2150E333-8FDC-42A3-9474-1A3956D46DE8}") = "Authorization", "Authorization", "{4AA193DD-5A95-483D-B360-232323830795}"
EndProject
Project("{9A19103F-16F7-4668-BE54-9A1E7A4F7556}") = "HardwareStore.MVP.Views.Abstractions", "HardwareStore.MVP.Views.Abstractions\HardwareStore.MVP.Views.Abstractions.csproj", "{C029328F-87EA-4520-9798-D034B3328609}"
EndProject
Project("{2150E333-8FDC-42A3-9474-1A3956D46DE8}") = "ApplicationController", "ApplicationController", "{F6C712E8-7AD1-45E5-B82F-D796DBD6B44D}"
EndProject
Project("{9A19103F-16F7-4668-BE54-9A1E7A4F7556}") = "HardwareStore.ApplicationController", "HardwareStore.ApplicationController\HardwareStore.ApplicationController.csproj", "{3D5324B8-7E27-40BA-89A9-B3CDC2E4D82A}"
EndProject
Project("{2150E333-8FDC-42A3-9474-1A3956D46DE8}") = "ThirdParty", "ThirdParty", "{7D7867BA-B692-41EB-BBB8-D26F6E0B3BD8}"
EndProject
Project("{2150E333-8FDC-42A3-9474-1A3956D46DE8}") = "IoC", "IoC", "{9A6C9CAC-7F36-44BE-8B67-F247BB05A284}"
EndProject
Project("{2150E333-8FDC-42A3-9474-1A3956D46DE8}") = "Configuration", "Configuration", "{80EFC4D7-E34C-4896-946F-3F62105EE04E}"
EndProject
Project("{2150E333-8FDC-42A3-9474-1A3956D46DE8}") = "Abstractions", "Abstractions", "{D253CCBD-98F5-4B37-BB00-EB17E69DEC84}"
EndProject
Project("{2150E333-8FDC-42A3-9474-1A3956D46DE8}") = "Abstractions", "Abstractions", "{F71181F8-C73B-48CE-870F-E419599B9A00}"
EndProject
Project("{2150E333-8FDC-42A3-9474-1A3956D46DE8}") = "Autofac", "Autofac", "{FDD45CA8-B133-4A95-ACF7-1A750825D17B}"
EndProject
Project("{2150E333-8FDC-42A3-9474-1A3956D46DE8}") = "Microsoft", "Microsoft", "{BFF6076A-A8B6-434F-BB7B-1CA26FA3D938}"
EndProject
Project("{2150E333-8FDC-42A3-9474-1A3956D46DE8}") = "Abstractions", "Abstractions", "{90B9A825-AE12-497B-AF1A-DF0F04E96D15}"
EndProject
Project("{9A19103F-16F7-4668-BE54-9A1E7A4F7556}") = "HardwareStore.ApplicationController.ThridParty.IoC.Abstractions", "HardwareStore.ApplicationController.ThridParty.IoC.Abstractions\HardwareStore.ApplicationController.ThridParty.IoC.Abstractions.csproj", "{FBC82492-B224-4940-98FB-AE4CB94B5F4F}"
EndProject
Project("{9A19103F-16F7-4668-BE54-9A1E7A4F7556}") = "HardwareStore.ApplicationController.ThridParty.IoC.Autofac", "HardwareStore.ApplicationController.ThridParty.IoC.Autofac\HardwareStore.ApplicationController.ThridParty.IoC.Autofac.csproj", "{1F644809-9F85-450D-8286-0A6D486D7FE3}"
EndProject
Project("{9A19103F-16F7-4668-BE54-9A1E7A4F7556}") = "HardwareStore.ApplicationController.ThridParty.Configuration.Abstractions", "HardwareStore.ApplicationController.ThridParty.Configuration.Abstractions\HardwareStore.ApplicationController.ThridParty.Configuration.Abstractions.csproj", "{BA5D50FC-E06C-4817-9700-E6CB2C614586}"
EndProject
Project("{9A19103F-16F7-4668-BE54-9A1E7A4F7556}") = "HardwareStore.ApplicationController.ThridParty.Configuration.Microsoft", "HardwareStore.ApplicationController.ThridParty.Configuration.Microsoft\HardwareStore.ApplicationController.ThridParty.Configuration.Microsoft.csproj", "{EB393BB0-7468-4D7E-BE22-80B5C0726BD3}"
EndProject
Project("{9A19103F-16F7-4668-BE54-9A1E7A4F7556}") = "HardwareStore.ApplicationController.Abstractions", "HardwareStore.ApplicationController.Abstractions\HardwareStore.ApplicationController.Abstractions.csproj", "{02641319-6926-4984-B57D-C6C4C8355E03}"
EndProject
Project("{9A19103F-16F7-4668-BE54-9A1E7A4F7556}") = "HardwareStore.MVP.Presenters.Abstractions", "HardwareStore.MVP.Presenters.Abstractions\HardwareStore.MVP.Presenters.Abstractions.csproj", "{6318DFF6-2369-4873-A0D6-D2EE191AAB7B}"
EndProject
Project("{9A19103F-16F7-4668-BE54-9A1E7A4F7556}") = "HardwareStore.MVP.Presenters.UserIdentification", "HardwareStore.MVP.Presenters.UserIdentification\HardwareStore.MVP.Presenters.UserIdentification.csproj", "{C2917DFE-5DA4-497C-A1AB-638361EE98A3}"
EndProject
Project("{9A19103F-16F7-4668-BE54-9A1E7A4F7556}") = "HardwareStore.MVP.Presenters.Base", "HardwareStore.MVP.Presenters.Base\HardwareStore.MVP.Presenters.Base.csproj", "{626576C0-1DC1-42B7-95A6-CA88119DC004}"
EndProject
Project("{9A19103F-16F7-4668-BE54-9A1E7A4F7556}") = "HardwareStore.MVP.ViewModels", "HardwareStore.MVP.ViewModels\HardwareStore.MVP.ViewModels.csproj", "{62F18FF1-00F0-427E-A0BA-DA686E402914}"
EndProject
Project("{2150E333-8FDC-42A3-9474-1A3956D46DE8}") = "Service", "Service", "{EF643D7D-DAF7-479A-BF3A-F8E0D5967169}"
EndProject
Project("{2150E333-8FDC-42A3-9474-1A3956D46DE8}") = "DataAccess", "DataAccess", "{CFCE5B45-D524-4B07-9C32-C8A60A07B12A}"
EndProject
Project("{2150E333-8FDC-42A3-9474-1A3956D46DE8}") = "Entities", "Entities", "{036FF072-9E7A-47E3-AAED-B6C7255ABD6B}"
EndProject
Project("{2150E333-8FDC-42A3-9474-1A3956D46DE8}") = "Utils", "Utils", "{F5A53326-8A33-46C0-A81A-B16E7774B4BF}"
EndProject
Project("{2150E333-8FDC-42A3-9474-1A3956D46DE8}") = "Abstractions", "Abstractions", "{2881DE99-5353-4247-8448-AB6A673F5621}"
EndProject
Project("{2150E333-8FDC-42A3-9474-1A3956D46DE8}") = "SqlServerService", "SqlServerService", "{4C02FCFB-4EC7-4B9F-A06D-7E2622F82B34}"
EndProject
Project("{2150E333-8FDC-42A3-9474-1A3956D46DE8}") = "Serializer", "Serializer", "{96CEECF4-5D3B-487F-9F8D-DCCBAE36C583}"
EndProject
Project("{2150E333-8FDC-42A3-9474-1A3956D46DE8}") = "Monitoring", "Monitoring", "{BB4221DF-BA68-4DC2-958A-1F9C38C56D62}"
EndProject
Project("{2150E333-8FDC-42A3-9474-1A3956D46DE8}") = "Caching", "Caching", "{0CDB5F16-E206-4E04-A564-7BB9F602D64D}"
EndProject
Project("{2150E333-8FDC-42A3-9474-1A3956D46DE8}") = "Logger", "Logger", "{745402DE-1707-4E65-9943-5B632CC6265B}"
EndProject
Project("{2150E333-8FDC-42A3-9474-1A3956D46DE8}") = "Templates", "Templates", "{6EBBF82D-5D1F-4530-8886-32DDF4CE7014}"
EndProject
Project("{9A19103F-16F7-4668-BE54-9A1E7A4F7556}") = "HardwareStore.Services.Utils.Serializer.Abstractions", "HardwareStore.Services.Utils.Serializer.Abstractions\HardwareStore.Services.Utils.Serializer.Abstractions.csproj", "{06B7AF80-9C53-4D68-9139-EA6795EEEB35}"
EndProject
Project("{2150E333-8FDC-42A3-9474-1A3956D46DE8}") = "Abstractions", "Abstractions", "{5530AE84-2765-4206-BF3F-C79F4B01ACBB}"
EndProject
Project("{2150E333-8FDC-42A3-9474-1A3956D46DE8}") = "Yaml", "Yaml", "{A9ED473F-8972-4E2A-A087-63ACF7DF3415}"
EndProject
Project("{9A19103F-16F7-4668-BE54-9A1E7A4F7556}") = "HardwareStore.Services.Utils.Serializer.Yaml", "HardwareStore.Services.Utils.Serializer.Yaml\HardwareStore.Services.Utils.Serializer.Yaml.csproj", "{0DE13E1E-DAFB-4064-B733-E6CDAABEC34D}"
EndProject
Project("{9A19103F-16F7-4668-BE54-9A1E7A4F7556}") = "HardwareStore.Services.Utils.Monitoring.Caching.Abstractions", "HardwareStore.Services.Utils.Monitoring.Caching.Abstractions\HardwareStore.Services.Utils.Monitoring.Caching.Abstractions.csproj", "{BFF22007-7C3B-4823-B7BE-4361E5B3BA65}"
EndProject
Project("{2150E333-8FDC-42A3-9474-1A3956D46DE8}") = "Abstractions", "Abstractions", "{B4944730-7E65-4986-AF76-036CE4F58F22}"
EndProject
Project("{2150E333-8FDC-42A3-9474-1A3956D46DE8}") = "File", "File", "{CA677A53-6E17-4B0D-B4DA-59F7C644215C}"
EndProject
Project("{2150E333-8FDC-42A3-9474-1A3956D46DE8}") = "InMemory", "InMemory", "{F6336636-FE62-425E-9F51-1388647206E4}"
EndProject
Project("{9A19103F-16F7-4668-BE54-9A1E7A4F7556}") = "HardwareStore.Services.Utils.Monitoring.Caching.File", "HardwareStore.Services.Utils.Monitoring.Caching.File\HardwareStore.Services.Utils.Monitoring.Caching.File.csproj", "{5ABF5ED6-2B57-44E8-B92E-DA6271C5CE37}"
EndProject
Project("{9A19103F-16F7-4668-BE54-9A1E7A4F7556}") = "HardwareStore.Services.Utils.Monitoring.Templates.DirectoryInfoManagement", "HardwareStore.Services.Utils.Monitoring.Templates.DirectoryInfoManagement\HardwareStore.Services.Utils.Monitoring.Templates.DirectoryInfoManagement.csproj", "{C8712B17-DB0F-40B9-9C6E-24A895692B17}"
EndProject
Project("{9A19103F-16F7-4668-BE54-9A1E7A4F7556}") = "HardwareStore.Services.Utils.Monitoring.Caching.InMemory", "HardwareStore.Services.Utils.Monitoring.Caching.InMemory\HardwareStore.Services.Utils.Monitoring.Caching.InMemory.csproj", "{3C230BB1-9BCE-4A00-AD00-78E446E193D3}"
EndProject
Project("{9A19103F-16F7-4668-BE54-9A1E7A4F7556}") = "HardwareStore.Services.Utils.Monitoring.Logger.Abstractions", "HardwareStore.Services.Utils.Monitoring.Logger.Abstractions\HardwareStore.Services.Utils.Monitoring.Logger.Abstractions.csproj", "{91631067-2C95-4293-9DF5-A30969EE18AF}"
EndProject
Project("{2150E333-8FDC-42A3-9474-1A3956D46DE8}") = "Abstractions", "Abstractions", "{B8431E52-1CFD-4BF5-B8D9-506D7A6E39E3}"
EndProject
Project("{2150E333-8FDC-42A3-9474-1A3956D46DE8}") = "File", "File", "{9D1DBCD1-987B-4401-A0E5-2FCE96AE2C46}"
EndProject
Project("{9A19103F-16F7-4668-BE54-9A1E7A4F7556}") = "HardwareStore.Services.Utils.Monitoring.Logger.File", "HardwareStore.Services.Utils.Monitoring.Logger.File\HardwareStore.Services.Utils.Monitoring.Logger.File.csproj", "{800559CE-476F-4B5A-AE95-AB455961DB37}"
EndProject
Project("{9A19103F-16F7-4668-BE54-9A1E7A4F7556}") = "HardwareStore.Services.SqlServerService", "HardwareStore.Services.SqlServerService\HardwareStore.Services.SqlServerService.csproj", "{21001A8C-ABA1-42D9-8DA8-34CBE516703E}"
EndProject
Project("{9A19103F-16F7-4668-BE54-9A1E7A4F7556}") = "HardwareStore.Services.Abstractions", "HardwareStore.Services.Abstractions\HardwareStore.Services.Abstractions.csproj", "{43A7A170-6F29-4237-8257-63741573AFE8}"
EndProject
Project("{9A19103F-16F7-4668-BE54-9A1E7A4F7556}") = "HardwareStore.Entities", "HardwareStore.Entities\HardwareStore.Entities.csproj", "{7D89FA34-CAB1-4B87-AEB8-96B144C62FBC}"
EndProject
Project("{2150E333-8FDC-42A3-9474-1A3956D46DE8}") = "Providers", "Providers", "{761F1207-465F-44AD-B849-A0E8B374AB77}"
EndProject
Project("{2150E333-8FDC-42A3-9474-1A3956D46DE8}") = "Relational", "Relational", "{A203BE63-4FCB-49A0-87B3-94DCD86B5FF5}"
EndProject
Project("{2150E333-8FDC-42A3-9474-1A3956D46DE8}") = "DataTools", "DataTools", "{B5D2D87D-DC5C-49CE-8E6D-84E9E6166E60}"
EndProject
Project("{2150E333-8FDC-42A3-9474-1A3956D46DE8}") = "Abstractions", "Abstractions", "{5DE333F8-824F-4F7D-B56F-51514744E031}"
EndProject
Project("{2150E333-8FDC-42A3-9474-1A3956D46DE8}") = "SqlServer", "SqlServer", "{35AB15AC-3F65-4FED-8C77-30EBA58F8664}"
EndProject
Project("{2150E333-8FDC-42A3-9474-1A3956D46DE8}") = "Repositories", "Repositories", "{0B38CE99-41D4-427C-8030-92A170FB65FC}"
EndProject
Project("{2150E333-8FDC-42A3-9474-1A3956D46DE8}") = "SqlServer", "SqlServer", "{17A70965-F1D4-4071-A0B8-5BE0A9080BD2}"
EndProject
Project("{2150E333-8FDC-42A3-9474-1A3956D46DE8}") = "Abstractions", "Abstractions", "{2CC05F09-93FB-451F-AF50-64F6411800A7}"
EndProject
Project("{2150E333-8FDC-42A3-9474-1A3956D46DE8}") = "Relational", "Relational", "{AD435EF7-86B2-43EE-A4C4-04E0DFCFACA6}"
EndProject
Project("{9A19103F-16F7-4668-BE54-9A1E7A4F7556}") = "HardwareStore.DataAccess.Providers.Relational.SqlServer", "HardwareStore.DataAccess.Providers.Relational.SqlServer\HardwareStore.DataAccess.Providers.Relational.SqlServer.csproj", "{CD59F2D3-CF39-4808-B593-7097FCEB2BAA}"
EndProject
Project("{9A19103F-16F7-4668-BE54-9A1E7A4F7556}") = "HardwareStore.DataAccess.Providers.Relational.Abstractions", "HardwareStore.DataAccess.Providers.Relational.Abstractions\HardwareStore.DataAccess.Providers.Relational.Abstractions.csproj", "{80892774-3128-4711-9510-42F00D655FE4}"
EndProject
Project("{2150E333-8FDC-42A3-9474-1A3956D46DE8}") = "Models", "Models", "{CA387FB2-FCF5-432E-9CF7-358A4ABEAA3C}"
EndProject
Project("{9A19103F-16F7-4668-BE54-9A1E7A4F7556}") = "HardwareStore.DataAccess.Providers.Relational.Models", "HardwareStore.DataAccess.Providers.Relational.Models\HardwareStore.DataAccess.Providers.Relational.Models.csproj", "{396F7D86-1A6D-4311-9B64-96D4D2DF859E}"
EndProject
Project("{2150E333-8FDC-42A3-9474-1A3956D46DE8}") = "Abstractions", "Abstractions", "{E124F571-8AB5-433C-B0E3-3955B7F816C7}"
EndProject
Project("{2150E333-8FDC-42A3-9474-1A3956D46DE8}") = "ADO", "ADO", "{FBAF37EE-D675-41CA-9D25-0DBBF262154B}"
EndProject
Project("{9A19103F-16F7-4668-BE54-9A1E7A4F7556}") = "HardwareStore.Providers.Relational.DataTools.ADO", "HardwareStore.Providers.Relational.DataTools.ADO\HardwareStore.Providers.Relational.DataTools.ADO.csproj", "{148FAF20-7DDF-4E41-A5F6-468E856FC76D}"
EndProject
Project("{9A19103F-16F7-4668-BE54-9A1E7A4F7556}") = "HardwareStore.Providers.Relational.DataTools.Abstractions", "HardwareStore.Providers.Relational.DataTools.Abstractions\HardwareStore.Providers.Relational.DataTools.Abstractions.csproj", "{CB5DC2D1-F04C-484B-AD91-48A1E200A6B7}"
EndProject
Project("{9A19103F-16F7-4668-BE54-9A1E7A4F7556}") = "HardwareStore.DataAccess.Providers.Repositories.Relational.SqlServer", "HardwareStore.DataAccess.Providers.Repositories.Relational.SqlServer\HardwareStore.DataAccess.Providers.Repositories.Relational.SqlServer.csproj", "{19711591-651F-4763-81C9-1624788F436F}"
EndProject
Project("{9A19103F-16F7-4668-BE54-9A1E7A4F7556}") = "HardwareStore.DataAccess.Repositories.Relational.Abstractions", "HardwareStore.DataAccess.Repositories.Relational.Abstractions\HardwareStore.DataAccess.Repositories.Relational.Abstractions.csproj", "{CEFF8981-44A4-42CF-9CED-E2D8845F46E6}"
EndProject
Project("{9A19103F-16F7-4668-BE54-9A1E7A4F7556}") = "HardwareStore.MVP.Views.MainWindow", "HardwareStore.MVP.Views.MainWindow\HardwareStore.MVP.Views.MainWindow.csproj", "{10D7C589-650F-4046-ABDD-8BAA0F98E14A}"
EndProject
Project("{2150E333-8FDC-42A3-9474-1A3956D46DE8}") = "Sections", "Sections", "{A9EEDF43-6E92-4E0A-B5E4-E58604F7E7F4}"
EndProject
Project("{2150E333-8FDC-42A3-9474-1A3956D46DE8}") = "UserAccount", "UserAccount", "{B158BCCA-C31E-466F-A7D9-2332F7DE3ABD}"
EndProject
Project("{2150E333-8FDC-42A3-9474-1A3956D46DE8}") = "ProductShowcase", "ProductShowcase", "{34097D57-D433-4B21-9707-EF51A4931F63}"
EndProject
Project("{2150E333-8FDC-42A3-9474-1A3956D46DE8}") = "ShoppingCart", "ShoppingCart", "{7E60EDA2-0916-4DAA-97EA-20E366E11D20}"
EndProject
Project("{2150E333-8FDC-42A3-9474-1A3956D46DE8}") = "Registration", "Registration", "{A01AF6CD-1CA1-457A-B1A5-C90CAD9CE865}"
EndProject
Project("{9A19103F-16F7-4668-BE54-9A1E7A4F7556}") = "HardwareStore.MVP.Views.UserIdentification.Registration", "HardwareStore.MVP.Views.UserIdentification.Registration\HardwareStore.MVP.Views.UserIdentification.Registration.csproj", "{A16FA412-4FAC-4BD8-BF5C-026D4AF67550}"
EndProject
Project("{FAE04EC0-301F-11D3-BF4B-00C04F79EFBC}") = "HardwareStore.MVP.Presenters.MainWindow", "HardwareStore.MVP.Presenters.MainWindow\HardwareStore.MVP.Presenters.MainWindow.csproj", "{7703C653-AE90-47AD-890B-01FD0DFCB5CB}"
EndProject
Project("{2150E333-8FDC-42A3-9474-1A3956D46DE8}") = "Sections", "Sections", "{D4B67C6C-0B57-4FAD-B090-BB8B06BB29BE}"
EndProject
Project("{2150E333-8FDC-42A3-9474-1A3956D46DE8}") = "UserAccount", "UserAccount", "{30B27AE5-3126-491E-A07A-A5334BA055BA}"
EndProject
Project("{FAE04EC0-301F-11D3-BF4B-00C04F79EFBC}") = "HardwareStore.MVP.Presenters.MainWindow.UserAccount", "HardwareStore.MVP.Presenters.MainWindow.UserAccount\HardwareStore.MVP.Presenters.MainWindow.UserAccount.csproj", "{18AB371E-352A-4BFD-A362-5E20F6E713D9}"
EndProject
Project("{2150E333-8FDC-42A3-9474-1A3956D46DE8}") = "ProductShowcase", "ProductShowcase", "{6A3F74F2-A581-4DA3-BB29-628A0BB77143}"
EndProject
Project("{FAE04EC0-301F-11D3-BF4B-00C04F79EFBC}") = "HardwareStore.MVP.Presenters.MainWindow.ProductShowcase", "HardwareStore.MVP.Presenters.MainWindow.ProductShowcase\HardwareStore.MVP.Presenters.MainWindow.ProductShowcase.csproj", "{D1E6B047-30F9-4ABC-94FC-274EE8CE9D42}"
EndProject
Project("{FAE04EC0-301F-11D3-BF4B-00C04F79EFBC}") = "HardwareStore.MVP.Views.MainWindow.Sections.ProductShowcase", "HardwareStore.MVP.Views.MainWindow.Sections.ProductShowcase\HardwareStore.MVP.Views.MainWindow.Sections.ProductShowcase.csproj", "{C4D1C303-7DDA-451C-959F-383FB2D9FD33}"
EndProject
Project("{2150E333-8FDC-42A3-9474-1A3956D46DE8}") = "ShoppingCart", "ShoppingCart", "{FC825B2F-0E70-4BAB-83F0-BCB2B4341FA2}"
EndProject
Project("{2150E333-8FDC-42A3-9474-1A3956D46DE8}") = "Product", "Product", "{22956880-279E-4F64-A5FC-B3B4B110F1ED}"
EndProject
Project("{FAE04EC0-301F-11D3-BF4B-00C04F79EFBC}") = "HardwareStore.MVP.Views.MainWindow.Sections.Product", "HardwareStore.MVP.Views.MainWindow.Sections.Product\HardwareStore.MVP.Views.MainWindow.Sections.Product.csproj", "{305A805D-1181-4131-9D5F-0F4F385C12F4}"
EndProject
Project("{FAE04EC0-301F-11D3-BF4B-00C04F79EFBC}") = "HardwareStore.MVP.Presenter.MainWindow.Sections.ShoppingCart", "HardwareStore.MVP.Presenter.MainWindow.Sections.ShoppingCart\HardwareStore.MVP.Presenter.MainWindow.Sections.ShoppingCart.csproj", "{BFEF0266-D04A-4022-AB91-75BEBEC3A48F}"
EndProject
Global
	GlobalSection(SolutionConfigurationPlatforms) = preSolution
		Debug|Any CPU = Debug|Any CPU
		Release|Any CPU = Release|Any CPU
	EndGlobalSection
	GlobalSection(ProjectConfigurationPlatforms) = postSolution
		{F05226EB-2A68-44F9-81F4-1F8165DD47DF}.Debug|Any CPU.ActiveCfg = Debug|Any CPU
		{F05226EB-2A68-44F9-81F4-1F8165DD47DF}.Debug|Any CPU.Build.0 = Debug|Any CPU
		{F05226EB-2A68-44F9-81F4-1F8165DD47DF}.Release|Any CPU.ActiveCfg = Release|Any CPU
		{F05226EB-2A68-44F9-81F4-1F8165DD47DF}.Release|Any CPU.Build.0 = Release|Any CPU
		{C029328F-87EA-4520-9798-D034B3328609}.Debug|Any CPU.ActiveCfg = Debug|Any CPU
		{C029328F-87EA-4520-9798-D034B3328609}.Debug|Any CPU.Build.0 = Debug|Any CPU
		{C029328F-87EA-4520-9798-D034B3328609}.Release|Any CPU.ActiveCfg = Release|Any CPU
		{C029328F-87EA-4520-9798-D034B3328609}.Release|Any CPU.Build.0 = Release|Any CPU
		{3D5324B8-7E27-40BA-89A9-B3CDC2E4D82A}.Debug|Any CPU.ActiveCfg = Debug|Any CPU
		{3D5324B8-7E27-40BA-89A9-B3CDC2E4D82A}.Debug|Any CPU.Build.0 = Debug|Any CPU
		{3D5324B8-7E27-40BA-89A9-B3CDC2E4D82A}.Release|Any CPU.ActiveCfg = Release|Any CPU
		{3D5324B8-7E27-40BA-89A9-B3CDC2E4D82A}.Release|Any CPU.Build.0 = Release|Any CPU
		{FBC82492-B224-4940-98FB-AE4CB94B5F4F}.Debug|Any CPU.ActiveCfg = Debug|Any CPU
		{FBC82492-B224-4940-98FB-AE4CB94B5F4F}.Debug|Any CPU.Build.0 = Debug|Any CPU
		{FBC82492-B224-4940-98FB-AE4CB94B5F4F}.Release|Any CPU.ActiveCfg = Release|Any CPU
		{FBC82492-B224-4940-98FB-AE4CB94B5F4F}.Release|Any CPU.Build.0 = Release|Any CPU
		{1F644809-9F85-450D-8286-0A6D486D7FE3}.Debug|Any CPU.ActiveCfg = Debug|Any CPU
		{1F644809-9F85-450D-8286-0A6D486D7FE3}.Debug|Any CPU.Build.0 = Debug|Any CPU
		{1F644809-9F85-450D-8286-0A6D486D7FE3}.Release|Any CPU.ActiveCfg = Release|Any CPU
		{1F644809-9F85-450D-8286-0A6D486D7FE3}.Release|Any CPU.Build.0 = Release|Any CPU
		{BA5D50FC-E06C-4817-9700-E6CB2C614586}.Debug|Any CPU.ActiveCfg = Debug|Any CPU
		{BA5D50FC-E06C-4817-9700-E6CB2C614586}.Debug|Any CPU.Build.0 = Debug|Any CPU
		{BA5D50FC-E06C-4817-9700-E6CB2C614586}.Release|Any CPU.ActiveCfg = Release|Any CPU
		{BA5D50FC-E06C-4817-9700-E6CB2C614586}.Release|Any CPU.Build.0 = Release|Any CPU
		{EB393BB0-7468-4D7E-BE22-80B5C0726BD3}.Debug|Any CPU.ActiveCfg = Debug|Any CPU
		{EB393BB0-7468-4D7E-BE22-80B5C0726BD3}.Debug|Any CPU.Build.0 = Debug|Any CPU
		{EB393BB0-7468-4D7E-BE22-80B5C0726BD3}.Release|Any CPU.ActiveCfg = Release|Any CPU
		{EB393BB0-7468-4D7E-BE22-80B5C0726BD3}.Release|Any CPU.Build.0 = Release|Any CPU
		{02641319-6926-4984-B57D-C6C4C8355E03}.Debug|Any CPU.ActiveCfg = Debug|Any CPU
		{02641319-6926-4984-B57D-C6C4C8355E03}.Debug|Any CPU.Build.0 = Debug|Any CPU
		{02641319-6926-4984-B57D-C6C4C8355E03}.Release|Any CPU.ActiveCfg = Release|Any CPU
		{02641319-6926-4984-B57D-C6C4C8355E03}.Release|Any CPU.Build.0 = Release|Any CPU
		{6318DFF6-2369-4873-A0D6-D2EE191AAB7B}.Debug|Any CPU.ActiveCfg = Debug|Any CPU
		{6318DFF6-2369-4873-A0D6-D2EE191AAB7B}.Debug|Any CPU.Build.0 = Debug|Any CPU
		{6318DFF6-2369-4873-A0D6-D2EE191AAB7B}.Release|Any CPU.ActiveCfg = Release|Any CPU
		{6318DFF6-2369-4873-A0D6-D2EE191AAB7B}.Release|Any CPU.Build.0 = Release|Any CPU
		{C2917DFE-5DA4-497C-A1AB-638361EE98A3}.Debug|Any CPU.ActiveCfg = Debug|Any CPU
		{C2917DFE-5DA4-497C-A1AB-638361EE98A3}.Debug|Any CPU.Build.0 = Debug|Any CPU
		{C2917DFE-5DA4-497C-A1AB-638361EE98A3}.Release|Any CPU.ActiveCfg = Release|Any CPU
		{C2917DFE-5DA4-497C-A1AB-638361EE98A3}.Release|Any CPU.Build.0 = Release|Any CPU
		{626576C0-1DC1-42B7-95A6-CA88119DC004}.Debug|Any CPU.ActiveCfg = Debug|Any CPU
		{626576C0-1DC1-42B7-95A6-CA88119DC004}.Debug|Any CPU.Build.0 = Debug|Any CPU
		{626576C0-1DC1-42B7-95A6-CA88119DC004}.Release|Any CPU.ActiveCfg = Release|Any CPU
		{626576C0-1DC1-42B7-95A6-CA88119DC004}.Release|Any CPU.Build.0 = Release|Any CPU
		{62F18FF1-00F0-427E-A0BA-DA686E402914}.Debug|Any CPU.ActiveCfg = Debug|Any CPU
		{62F18FF1-00F0-427E-A0BA-DA686E402914}.Debug|Any CPU.Build.0 = Debug|Any CPU
		{62F18FF1-00F0-427E-A0BA-DA686E402914}.Release|Any CPU.ActiveCfg = Release|Any CPU
		{62F18FF1-00F0-427E-A0BA-DA686E402914}.Release|Any CPU.Build.0 = Release|Any CPU
		{06B7AF80-9C53-4D68-9139-EA6795EEEB35}.Debug|Any CPU.ActiveCfg = Debug|Any CPU
		{06B7AF80-9C53-4D68-9139-EA6795EEEB35}.Debug|Any CPU.Build.0 = Debug|Any CPU
		{06B7AF80-9C53-4D68-9139-EA6795EEEB35}.Release|Any CPU.ActiveCfg = Release|Any CPU
		{06B7AF80-9C53-4D68-9139-EA6795EEEB35}.Release|Any CPU.Build.0 = Release|Any CPU
		{0DE13E1E-DAFB-4064-B733-E6CDAABEC34D}.Debug|Any CPU.ActiveCfg = Debug|Any CPU
		{0DE13E1E-DAFB-4064-B733-E6CDAABEC34D}.Debug|Any CPU.Build.0 = Debug|Any CPU
		{0DE13E1E-DAFB-4064-B733-E6CDAABEC34D}.Release|Any CPU.ActiveCfg = Release|Any CPU
		{0DE13E1E-DAFB-4064-B733-E6CDAABEC34D}.Release|Any CPU.Build.0 = Release|Any CPU
		{BFF22007-7C3B-4823-B7BE-4361E5B3BA65}.Debug|Any CPU.ActiveCfg = Debug|Any CPU
		{BFF22007-7C3B-4823-B7BE-4361E5B3BA65}.Debug|Any CPU.Build.0 = Debug|Any CPU
		{BFF22007-7C3B-4823-B7BE-4361E5B3BA65}.Release|Any CPU.ActiveCfg = Release|Any CPU
		{BFF22007-7C3B-4823-B7BE-4361E5B3BA65}.Release|Any CPU.Build.0 = Release|Any CPU
		{5ABF5ED6-2B57-44E8-B92E-DA6271C5CE37}.Debug|Any CPU.ActiveCfg = Debug|Any CPU
		{5ABF5ED6-2B57-44E8-B92E-DA6271C5CE37}.Debug|Any CPU.Build.0 = Debug|Any CPU
		{5ABF5ED6-2B57-44E8-B92E-DA6271C5CE37}.Release|Any CPU.ActiveCfg = Release|Any CPU
		{5ABF5ED6-2B57-44E8-B92E-DA6271C5CE37}.Release|Any CPU.Build.0 = Release|Any CPU
		{C8712B17-DB0F-40B9-9C6E-24A895692B17}.Debug|Any CPU.ActiveCfg = Debug|Any CPU
		{C8712B17-DB0F-40B9-9C6E-24A895692B17}.Debug|Any CPU.Build.0 = Debug|Any CPU
		{C8712B17-DB0F-40B9-9C6E-24A895692B17}.Release|Any CPU.ActiveCfg = Release|Any CPU
		{C8712B17-DB0F-40B9-9C6E-24A895692B17}.Release|Any CPU.Build.0 = Release|Any CPU
		{3C230BB1-9BCE-4A00-AD00-78E446E193D3}.Debug|Any CPU.ActiveCfg = Debug|Any CPU
		{3C230BB1-9BCE-4A00-AD00-78E446E193D3}.Debug|Any CPU.Build.0 = Debug|Any CPU
		{3C230BB1-9BCE-4A00-AD00-78E446E193D3}.Release|Any CPU.ActiveCfg = Release|Any CPU
		{3C230BB1-9BCE-4A00-AD00-78E446E193D3}.Release|Any CPU.Build.0 = Release|Any CPU
		{91631067-2C95-4293-9DF5-A30969EE18AF}.Debug|Any CPU.ActiveCfg = Debug|Any CPU
		{91631067-2C95-4293-9DF5-A30969EE18AF}.Debug|Any CPU.Build.0 = Debug|Any CPU
		{91631067-2C95-4293-9DF5-A30969EE18AF}.Release|Any CPU.ActiveCfg = Release|Any CPU
		{91631067-2C95-4293-9DF5-A30969EE18AF}.Release|Any CPU.Build.0 = Release|Any CPU
		{800559CE-476F-4B5A-AE95-AB455961DB37}.Debug|Any CPU.ActiveCfg = Debug|Any CPU
		{800559CE-476F-4B5A-AE95-AB455961DB37}.Debug|Any CPU.Build.0 = Debug|Any CPU
		{800559CE-476F-4B5A-AE95-AB455961DB37}.Release|Any CPU.ActiveCfg = Release|Any CPU
		{800559CE-476F-4B5A-AE95-AB455961DB37}.Release|Any CPU.Build.0 = Release|Any CPU
		{21001A8C-ABA1-42D9-8DA8-34CBE516703E}.Debug|Any CPU.ActiveCfg = Debug|Any CPU
		{21001A8C-ABA1-42D9-8DA8-34CBE516703E}.Debug|Any CPU.Build.0 = Debug|Any CPU
		{21001A8C-ABA1-42D9-8DA8-34CBE516703E}.Release|Any CPU.ActiveCfg = Release|Any CPU
		{21001A8C-ABA1-42D9-8DA8-34CBE516703E}.Release|Any CPU.Build.0 = Release|Any CPU
		{43A7A170-6F29-4237-8257-63741573AFE8}.Debug|Any CPU.ActiveCfg = Debug|Any CPU
		{43A7A170-6F29-4237-8257-63741573AFE8}.Debug|Any CPU.Build.0 = Debug|Any CPU
		{43A7A170-6F29-4237-8257-63741573AFE8}.Release|Any CPU.ActiveCfg = Release|Any CPU
		{43A7A170-6F29-4237-8257-63741573AFE8}.Release|Any CPU.Build.0 = Release|Any CPU
		{7D89FA34-CAB1-4B87-AEB8-96B144C62FBC}.Debug|Any CPU.ActiveCfg = Debug|Any CPU
		{7D89FA34-CAB1-4B87-AEB8-96B144C62FBC}.Debug|Any CPU.Build.0 = Debug|Any CPU
		{7D89FA34-CAB1-4B87-AEB8-96B144C62FBC}.Release|Any CPU.ActiveCfg = Release|Any CPU
		{7D89FA34-CAB1-4B87-AEB8-96B144C62FBC}.Release|Any CPU.Build.0 = Release|Any CPU
		{CD59F2D3-CF39-4808-B593-7097FCEB2BAA}.Debug|Any CPU.ActiveCfg = Debug|Any CPU
		{CD59F2D3-CF39-4808-B593-7097FCEB2BAA}.Debug|Any CPU.Build.0 = Debug|Any CPU
		{CD59F2D3-CF39-4808-B593-7097FCEB2BAA}.Release|Any CPU.ActiveCfg = Release|Any CPU
		{CD59F2D3-CF39-4808-B593-7097FCEB2BAA}.Release|Any CPU.Build.0 = Release|Any CPU
		{80892774-3128-4711-9510-42F00D655FE4}.Debug|Any CPU.ActiveCfg = Debug|Any CPU
		{80892774-3128-4711-9510-42F00D655FE4}.Debug|Any CPU.Build.0 = Debug|Any CPU
		{80892774-3128-4711-9510-42F00D655FE4}.Release|Any CPU.ActiveCfg = Release|Any CPU
		{80892774-3128-4711-9510-42F00D655FE4}.Release|Any CPU.Build.0 = Release|Any CPU
		{396F7D86-1A6D-4311-9B64-96D4D2DF859E}.Debug|Any CPU.ActiveCfg = Debug|Any CPU
		{396F7D86-1A6D-4311-9B64-96D4D2DF859E}.Debug|Any CPU.Build.0 = Debug|Any CPU
		{396F7D86-1A6D-4311-9B64-96D4D2DF859E}.Release|Any CPU.ActiveCfg = Release|Any CPU
		{396F7D86-1A6D-4311-9B64-96D4D2DF859E}.Release|Any CPU.Build.0 = Release|Any CPU
		{148FAF20-7DDF-4E41-A5F6-468E856FC76D}.Debug|Any CPU.ActiveCfg = Debug|Any CPU
		{148FAF20-7DDF-4E41-A5F6-468E856FC76D}.Debug|Any CPU.Build.0 = Debug|Any CPU
		{148FAF20-7DDF-4E41-A5F6-468E856FC76D}.Release|Any CPU.ActiveCfg = Release|Any CPU
		{148FAF20-7DDF-4E41-A5F6-468E856FC76D}.Release|Any CPU.Build.0 = Release|Any CPU
		{CB5DC2D1-F04C-484B-AD91-48A1E200A6B7}.Debug|Any CPU.ActiveCfg = Debug|Any CPU
		{CB5DC2D1-F04C-484B-AD91-48A1E200A6B7}.Debug|Any CPU.Build.0 = Debug|Any CPU
		{CB5DC2D1-F04C-484B-AD91-48A1E200A6B7}.Release|Any CPU.ActiveCfg = Release|Any CPU
		{CB5DC2D1-F04C-484B-AD91-48A1E200A6B7}.Release|Any CPU.Build.0 = Release|Any CPU
		{19711591-651F-4763-81C9-1624788F436F}.Debug|Any CPU.ActiveCfg = Debug|Any CPU
		{19711591-651F-4763-81C9-1624788F436F}.Debug|Any CPU.Build.0 = Debug|Any CPU
		{19711591-651F-4763-81C9-1624788F436F}.Release|Any CPU.ActiveCfg = Release|Any CPU
		{19711591-651F-4763-81C9-1624788F436F}.Release|Any CPU.Build.0 = Release|Any CPU
		{CEFF8981-44A4-42CF-9CED-E2D8845F46E6}.Debug|Any CPU.ActiveCfg = Debug|Any CPU
		{CEFF8981-44A4-42CF-9CED-E2D8845F46E6}.Debug|Any CPU.Build.0 = Debug|Any CPU
		{CEFF8981-44A4-42CF-9CED-E2D8845F46E6}.Release|Any CPU.ActiveCfg = Release|Any CPU
		{CEFF8981-44A4-42CF-9CED-E2D8845F46E6}.Release|Any CPU.Build.0 = Release|Any CPU
		{10D7C589-650F-4046-ABDD-8BAA0F98E14A}.Debug|Any CPU.ActiveCfg = Debug|Any CPU
		{10D7C589-650F-4046-ABDD-8BAA0F98E14A}.Debug|Any CPU.Build.0 = Debug|Any CPU
		{10D7C589-650F-4046-ABDD-8BAA0F98E14A}.Release|Any CPU.ActiveCfg = Release|Any CPU
		{10D7C589-650F-4046-ABDD-8BAA0F98E14A}.Release|Any CPU.Build.0 = Release|Any CPU
		{A16FA412-4FAC-4BD8-BF5C-026D4AF67550}.Debug|Any CPU.ActiveCfg = Debug|Any CPU
		{A16FA412-4FAC-4BD8-BF5C-026D4AF67550}.Debug|Any CPU.Build.0 = Debug|Any CPU
		{A16FA412-4FAC-4BD8-BF5C-026D4AF67550}.Release|Any CPU.ActiveCfg = Release|Any CPU
		{A16FA412-4FAC-4BD8-BF5C-026D4AF67550}.Release|Any CPU.Build.0 = Release|Any CPU
		{7703C653-AE90-47AD-890B-01FD0DFCB5CB}.Debug|Any CPU.ActiveCfg = Debug|Any CPU
		{7703C653-AE90-47AD-890B-01FD0DFCB5CB}.Debug|Any CPU.Build.0 = Debug|Any CPU
		{7703C653-AE90-47AD-890B-01FD0DFCB5CB}.Release|Any CPU.ActiveCfg = Release|Any CPU
		{7703C653-AE90-47AD-890B-01FD0DFCB5CB}.Release|Any CPU.Build.0 = Release|Any CPU
		{18AB371E-352A-4BFD-A362-5E20F6E713D9}.Debug|Any CPU.ActiveCfg = Debug|Any CPU
		{18AB371E-352A-4BFD-A362-5E20F6E713D9}.Debug|Any CPU.Build.0 = Debug|Any CPU
		{18AB371E-352A-4BFD-A362-5E20F6E713D9}.Release|Any CPU.ActiveCfg = Release|Any CPU
		{18AB371E-352A-4BFD-A362-5E20F6E713D9}.Release|Any CPU.Build.0 = Release|Any CPU
		{D1E6B047-30F9-4ABC-94FC-274EE8CE9D42}.Debug|Any CPU.ActiveCfg = Debug|Any CPU
		{D1E6B047-30F9-4ABC-94FC-274EE8CE9D42}.Debug|Any CPU.Build.0 = Debug|Any CPU
		{D1E6B047-30F9-4ABC-94FC-274EE8CE9D42}.Release|Any CPU.ActiveCfg = Release|Any CPU
		{D1E6B047-30F9-4ABC-94FC-274EE8CE9D42}.Release|Any CPU.Build.0 = Release|Any CPU
		{C4D1C303-7DDA-451C-959F-383FB2D9FD33}.Debug|Any CPU.ActiveCfg = Debug|Any CPU
		{C4D1C303-7DDA-451C-959F-383FB2D9FD33}.Debug|Any CPU.Build.0 = Debug|Any CPU
		{C4D1C303-7DDA-451C-959F-383FB2D9FD33}.Release|Any CPU.ActiveCfg = Release|Any CPU
		{C4D1C303-7DDA-451C-959F-383FB2D9FD33}.Release|Any CPU.Build.0 = Release|Any CPU
		{305A805D-1181-4131-9D5F-0F4F385C12F4}.Debug|Any CPU.ActiveCfg = Debug|Any CPU
		{305A805D-1181-4131-9D5F-0F4F385C12F4}.Debug|Any CPU.Build.0 = Debug|Any CPU
		{305A805D-1181-4131-9D5F-0F4F385C12F4}.Release|Any CPU.ActiveCfg = Release|Any CPU
		{305A805D-1181-4131-9D5F-0F4F385C12F4}.Release|Any CPU.Build.0 = Release|Any CPU
		{BFEF0266-D04A-4022-AB91-75BEBEC3A48F}.Debug|Any CPU.ActiveCfg = Debug|Any CPU
		{BFEF0266-D04A-4022-AB91-75BEBEC3A48F}.Debug|Any CPU.Build.0 = Debug|Any CPU
		{BFEF0266-D04A-4022-AB91-75BEBEC3A48F}.Release|Any CPU.ActiveCfg = Release|Any CPU
		{BFEF0266-D04A-4022-AB91-75BEBEC3A48F}.Release|Any CPU.Build.0 = Release|Any CPU
	EndGlobalSection
	GlobalSection(SolutionProperties) = preSolution
		HideSolutionNode = FALSE
	EndGlobalSection
	GlobalSection(NestedProjects) = preSolution
		{F05226EB-2A68-44F9-81F4-1F8165DD47DF} = {4AA193DD-5A95-483D-B360-232323830795}
		{74A1BAF3-8770-4374-8EEF-69F99C93E137} = {9E83666C-1243-4DBF-BF1C-C99603588D5A}
		{46DE02B9-6D34-49DC-A1A8-EB389F820A0C} = {9E83666C-1243-4DBF-BF1C-C99603588D5A}
		{36EAAEFB-69EF-4E1D-9DEE-6538928F03F8} = {9E83666C-1243-4DBF-BF1C-C99603588D5A}
		{4EAED54A-9B62-450D-83EF-E87091814E9F} = {74A1BAF3-8770-4374-8EEF-69F99C93E137}
		{D0B9D963-DE11-4CCB-BB1E-AA53C46388A3} = {74A1BAF3-8770-4374-8EEF-69F99C93E137}
		{8FC67E93-7CEA-4A87-A1DA-07546B99873B} = {74A1BAF3-8770-4374-8EEF-69F99C93E137}
		{EA1CF63A-2476-4A80-B2B8-339AB7758C08} = {36EAAEFB-69EF-4E1D-9DEE-6538928F03F8}
		{053E2141-98A0-479B-80C6-72238A851C5D} = {36EAAEFB-69EF-4E1D-9DEE-6538928F03F8}
		{AB34FE26-BE8D-4430-9F05-07355D454526} = {36EAAEFB-69EF-4E1D-9DEE-6538928F03F8}
		{4AA193DD-5A95-483D-B360-232323830795} = {053E2141-98A0-479B-80C6-72238A851C5D}
		{C029328F-87EA-4520-9798-D034B3328609} = {EA1CF63A-2476-4A80-B2B8-339AB7758C08}
		{3D5324B8-7E27-40BA-89A9-B3CDC2E4D82A} = {F6C712E8-7AD1-45E5-B82F-D796DBD6B44D}
		{7D7867BA-B692-41EB-BBB8-D26F6E0B3BD8} = {F6C712E8-7AD1-45E5-B82F-D796DBD6B44D}
		{9A6C9CAC-7F36-44BE-8B67-F247BB05A284} = {7D7867BA-B692-41EB-BBB8-D26F6E0B3BD8}
		{80EFC4D7-E34C-4896-946F-3F62105EE04E} = {7D7867BA-B692-41EB-BBB8-D26F6E0B3BD8}
		{D253CCBD-98F5-4B37-BB00-EB17E69DEC84} = {9A6C9CAC-7F36-44BE-8B67-F247BB05A284}
		{F71181F8-C73B-48CE-870F-E419599B9A00} = {80EFC4D7-E34C-4896-946F-3F62105EE04E}
		{FDD45CA8-B133-4A95-ACF7-1A750825D17B} = {9A6C9CAC-7F36-44BE-8B67-F247BB05A284}
		{BFF6076A-A8B6-434F-BB7B-1CA26FA3D938} = {80EFC4D7-E34C-4896-946F-3F62105EE04E}
		{90B9A825-AE12-497B-AF1A-DF0F04E96D15} = {F6C712E8-7AD1-45E5-B82F-D796DBD6B44D}
		{FBC82492-B224-4940-98FB-AE4CB94B5F4F} = {D253CCBD-98F5-4B37-BB00-EB17E69DEC84}
		{1F644809-9F85-450D-8286-0A6D486D7FE3} = {FDD45CA8-B133-4A95-ACF7-1A750825D17B}
		{BA5D50FC-E06C-4817-9700-E6CB2C614586} = {F71181F8-C73B-48CE-870F-E419599B9A00}
		{EB393BB0-7468-4D7E-BE22-80B5C0726BD3} = {BFF6076A-A8B6-434F-BB7B-1CA26FA3D938}
		{02641319-6926-4984-B57D-C6C4C8355E03} = {90B9A825-AE12-497B-AF1A-DF0F04E96D15}
		{6318DFF6-2369-4873-A0D6-D2EE191AAB7B} = {4EAED54A-9B62-450D-83EF-E87091814E9F}
		{C2917DFE-5DA4-497C-A1AB-638361EE98A3} = {D0B9D963-DE11-4CCB-BB1E-AA53C46388A3}
		{626576C0-1DC1-42B7-95A6-CA88119DC004} = {74A1BAF3-8770-4374-8EEF-69F99C93E137}
		{62F18FF1-00F0-427E-A0BA-DA686E402914} = {46DE02B9-6D34-49DC-A1A8-EB389F820A0C}
		{F5A53326-8A33-46C0-A81A-B16E7774B4BF} = {EF643D7D-DAF7-479A-BF3A-F8E0D5967169}
		{2881DE99-5353-4247-8448-AB6A673F5621} = {EF643D7D-DAF7-479A-BF3A-F8E0D5967169}
		{4C02FCFB-4EC7-4B9F-A06D-7E2622F82B34} = {EF643D7D-DAF7-479A-BF3A-F8E0D5967169}
		{96CEECF4-5D3B-487F-9F8D-DCCBAE36C583} = {F5A53326-8A33-46C0-A81A-B16E7774B4BF}
		{BB4221DF-BA68-4DC2-958A-1F9C38C56D62} = {F5A53326-8A33-46C0-A81A-B16E7774B4BF}
		{0CDB5F16-E206-4E04-A564-7BB9F602D64D} = {BB4221DF-BA68-4DC2-958A-1F9C38C56D62}
		{745402DE-1707-4E65-9943-5B632CC6265B} = {BB4221DF-BA68-4DC2-958A-1F9C38C56D62}
		{6EBBF82D-5D1F-4530-8886-32DDF4CE7014} = {BB4221DF-BA68-4DC2-958A-1F9C38C56D62}
		{06B7AF80-9C53-4D68-9139-EA6795EEEB35} = {5530AE84-2765-4206-BF3F-C79F4B01ACBB}
		{5530AE84-2765-4206-BF3F-C79F4B01ACBB} = {96CEECF4-5D3B-487F-9F8D-DCCBAE36C583}
		{A9ED473F-8972-4E2A-A087-63ACF7DF3415} = {96CEECF4-5D3B-487F-9F8D-DCCBAE36C583}
		{0DE13E1E-DAFB-4064-B733-E6CDAABEC34D} = {A9ED473F-8972-4E2A-A087-63ACF7DF3415}
		{BFF22007-7C3B-4823-B7BE-4361E5B3BA65} = {B4944730-7E65-4986-AF76-036CE4F58F22}
		{B4944730-7E65-4986-AF76-036CE4F58F22} = {0CDB5F16-E206-4E04-A564-7BB9F602D64D}
		{CA677A53-6E17-4B0D-B4DA-59F7C644215C} = {0CDB5F16-E206-4E04-A564-7BB9F602D64D}
		{F6336636-FE62-425E-9F51-1388647206E4} = {0CDB5F16-E206-4E04-A564-7BB9F602D64D}
		{5ABF5ED6-2B57-44E8-B92E-DA6271C5CE37} = {CA677A53-6E17-4B0D-B4DA-59F7C644215C}
		{C8712B17-DB0F-40B9-9C6E-24A895692B17} = {6EBBF82D-5D1F-4530-8886-32DDF4CE7014}
		{3C230BB1-9BCE-4A00-AD00-78E446E193D3} = {F6336636-FE62-425E-9F51-1388647206E4}
		{91631067-2C95-4293-9DF5-A30969EE18AF} = {B8431E52-1CFD-4BF5-B8D9-506D7A6E39E3}
		{B8431E52-1CFD-4BF5-B8D9-506D7A6E39E3} = {745402DE-1707-4E65-9943-5B632CC6265B}
		{9D1DBCD1-987B-4401-A0E5-2FCE96AE2C46} = {745402DE-1707-4E65-9943-5B632CC6265B}
		{800559CE-476F-4B5A-AE95-AB455961DB37} = {9D1DBCD1-987B-4401-A0E5-2FCE96AE2C46}
		{21001A8C-ABA1-42D9-8DA8-34CBE516703E} = {4C02FCFB-4EC7-4B9F-A06D-7E2622F82B34}
		{43A7A170-6F29-4237-8257-63741573AFE8} = {2881DE99-5353-4247-8448-AB6A673F5621}
		{7D89FA34-CAB1-4B87-AEB8-96B144C62FBC} = {036FF072-9E7A-47E3-AAED-B6C7255ABD6B}
		{761F1207-465F-44AD-B849-A0E8B374AB77} = {CFCE5B45-D524-4B07-9C32-C8A60A07B12A}
		{A203BE63-4FCB-49A0-87B3-94DCD86B5FF5} = {761F1207-465F-44AD-B849-A0E8B374AB77}
		{B5D2D87D-DC5C-49CE-8E6D-84E9E6166E60} = {A203BE63-4FCB-49A0-87B3-94DCD86B5FF5}
		{5DE333F8-824F-4F7D-B56F-51514744E031} = {A203BE63-4FCB-49A0-87B3-94DCD86B5FF5}
		{35AB15AC-3F65-4FED-8C77-30EBA58F8664} = {A203BE63-4FCB-49A0-87B3-94DCD86B5FF5}
		{0B38CE99-41D4-427C-8030-92A170FB65FC} = {CFCE5B45-D524-4B07-9C32-C8A60A07B12A}
		{17A70965-F1D4-4071-A0B8-5BE0A9080BD2} = {AD435EF7-86B2-43EE-A4C4-04E0DFCFACA6}
		{2CC05F09-93FB-451F-AF50-64F6411800A7} = {0B38CE99-41D4-427C-8030-92A170FB65FC}
		{AD435EF7-86B2-43EE-A4C4-04E0DFCFACA6} = {0B38CE99-41D4-427C-8030-92A170FB65FC}
		{CD59F2D3-CF39-4808-B593-7097FCEB2BAA} = {35AB15AC-3F65-4FED-8C77-30EBA58F8664}
		{80892774-3128-4711-9510-42F00D655FE4} = {5DE333F8-824F-4F7D-B56F-51514744E031}
		{CA387FB2-FCF5-432E-9CF7-358A4ABEAA3C} = {A203BE63-4FCB-49A0-87B3-94DCD86B5FF5}
		{396F7D86-1A6D-4311-9B64-96D4D2DF859E} = {CA387FB2-FCF5-432E-9CF7-358A4ABEAA3C}
		{E124F571-8AB5-433C-B0E3-3955B7F816C7} = {B5D2D87D-DC5C-49CE-8E6D-84E9E6166E60}
		{FBAF37EE-D675-41CA-9D25-0DBBF262154B} = {B5D2D87D-DC5C-49CE-8E6D-84E9E6166E60}
		{148FAF20-7DDF-4E41-A5F6-468E856FC76D} = {FBAF37EE-D675-41CA-9D25-0DBBF262154B}
		{CB5DC2D1-F04C-484B-AD91-48A1E200A6B7} = {E124F571-8AB5-433C-B0E3-3955B7F816C7}
		{19711591-651F-4763-81C9-1624788F436F} = {17A70965-F1D4-4071-A0B8-5BE0A9080BD2}
		{CEFF8981-44A4-42CF-9CED-E2D8845F46E6} = {2CC05F09-93FB-451F-AF50-64F6411800A7}
		{10D7C589-650F-4046-ABDD-8BAA0F98E14A} = {AB34FE26-BE8D-4430-9F05-07355D454526}
		{A9EEDF43-6E92-4E0A-B5E4-E58604F7E7F4} = {AB34FE26-BE8D-4430-9F05-07355D454526}
		{B158BCCA-C31E-466F-A7D9-2332F7DE3ABD} = {A9EEDF43-6E92-4E0A-B5E4-E58604F7E7F4}
		{34097D57-D433-4B21-9707-EF51A4931F63} = {A9EEDF43-6E92-4E0A-B5E4-E58604F7E7F4}
		{7E60EDA2-0916-4DAA-97EA-20E366E11D20} = {A9EEDF43-6E92-4E0A-B5E4-E58604F7E7F4}
		{A01AF6CD-1CA1-457A-B1A5-C90CAD9CE865} = {053E2141-98A0-479B-80C6-72238A851C5D}
		{A16FA412-4FAC-4BD8-BF5C-026D4AF67550} = {A01AF6CD-1CA1-457A-B1A5-C90CAD9CE865}
		{7703C653-AE90-47AD-890B-01FD0DFCB5CB} = {8FC67E93-7CEA-4A87-A1DA-07546B99873B}
		{D4B67C6C-0B57-4FAD-B090-BB8B06BB29BE} = {8FC67E93-7CEA-4A87-A1DA-07546B99873B}
		{30B27AE5-3126-491E-A07A-A5334BA055BA} = {D4B67C6C-0B57-4FAD-B090-BB8B06BB29BE}
		{18AB371E-352A-4BFD-A362-5E20F6E713D9} = {30B27AE5-3126-491E-A07A-A5334BA055BA}
		{6A3F74F2-A581-4DA3-BB29-628A0BB77143} = {D4B67C6C-0B57-4FAD-B090-BB8B06BB29BE}
		{D1E6B047-30F9-4ABC-94FC-274EE8CE9D42} = {6A3F74F2-A581-4DA3-BB29-628A0BB77143}
		{C4D1C303-7DDA-451C-959F-383FB2D9FD33} = {34097D57-D433-4B21-9707-EF51A4931F63}
		{FC825B2F-0E70-4BAB-83F0-BCB2B4341FA2} = {D4B67C6C-0B57-4FAD-B090-BB8B06BB29BE}
		{22956880-279E-4F64-A5FC-B3B4B110F1ED} = {A9EEDF43-6E92-4E0A-B5E4-E58604F7E7F4}
		{305A805D-1181-4131-9D5F-0F4F385C12F4} = {22956880-279E-4F64-A5FC-B3B4B110F1ED}
		{BFEF0266-D04A-4022-AB91-75BEBEC3A48F} = {FC825B2F-0E70-4BAB-83F0-BCB2B4341FA2}
	EndGlobalSection
	GlobalSection(ExtensibilityGlobals) = postSolution
		SolutionGuid = {88246FF2-40D1-4B1A-9464-0148063B6C1E}
	EndGlobalSection
EndGlobal
